
Microsoft Visual Studio Solution File, Format Version 12.00
Project("{FAE04EC0-301F-11D3-BF4B-00C04F79EFBC}") = "IceCream", "IceCream\IceCream.csproj", "{B8FEC2BF-1BF7-4AF2-A15E-23A478BBF296}"
EndProject
Global
	GlobalSection(SolutionConfigurationPlatforms) = preSolution
		Debug|Any CPU = Debug|Any CPU
		Release|Any CPU = Release|Any CPU
	EndGlobalSection
	GlobalSection(ProjectConfigurationPlatforms) = postSolution
		{B8FEC2BF-1BF7-4AF2-A15E-23A478BBF296}.Debug|Any CPU.ActiveCfg = Debug|Any CPU
		{B8FEC2BF-1BF7-4AF2-A15E-23A478BBF296}.Debug|Any CPU.Build.0 = Debug|Any CPU
		{B8FEC2BF-1BF7-4AF2-A15E-23A478BBF296}.Release|Any CPU.ActiveCfg = Release|Any CPU
		{B8FEC2BF-1BF7-4AF2-A15E-23A478BBF296}.Release|Any CPU.Build.0 = Release|Any CPU
	EndGlobalSection
EndGlobal
